
Microsoft Visual Studio Solution File, Format Version 12.00
# Visual Studio Version 16
VisualStudioVersion = 16.0.31410.357
MinimumVisualStudioVersion = 10.0.40219.1
Project("{FAE04EC0-301F-11D3-BF4B-00C04F79EFBC}") = "UD4E22", "UD4E22\UD4E22.csproj", "{01EE93FA-C498-4A7F-9B59-91FF397BFFB4}"
EndProject
Global
	GlobalSection(SolutionConfigurationPlatforms) = preSolution
		Debug|Any CPU = Debug|Any CPU
		Release|Any CPU = Release|Any CPU
	EndGlobalSection
	GlobalSection(ProjectConfigurationPlatforms) = postSolution
		{01EE93FA-C498-4A7F-9B59-91FF397BFFB4}.Debug|Any CPU.ActiveCfg = Debug|Any CPU
		{01EE93FA-C498-4A7F-9B59-91FF397BFFB4}.Debug|Any CPU.Build.0 = Debug|Any CPU
		{01EE93FA-C498-4A7F-9B59-91FF397BFFB4}.Release|Any CPU.ActiveCfg = Release|Any CPU
		{01EE93FA-C498-4A7F-9B59-91FF397BFFB4}.Release|Any CPU.Build.0 = Release|Any CPU
	EndGlobalSection
	GlobalSection(SolutionProperties) = preSolution
		HideSolutionNode = FALSE
	EndGlobalSection
	GlobalSection(ExtensibilityGlobals) = postSolution
		SolutionGuid = {2AAC452C-5D1A-4376-B8B6-8E59AB19266E}
	EndGlobalSection
EndGlobal
